
Microsoft Visual Studio Solution File, Format Version 12.00
# Visual Studio Version 17
VisualStudioVersion = 17.14.36518.9 d17.14
MinimumVisualStudioVersion = 10.0.40219.1
Project("{FAE04EC0-301F-11D3-BF4B-00C04F79EFBC}") = "ReportApi", "ReportApi.csproj", "{7E1DC575-3584-4E52-8235-82A7A448A456}"
EndProject
Global
	GlobalSection(SolutionConfigurationPlatforms) = preSolution
		Debug|Any CPU = Debug|Any CPU
		Release|Any CPU = Release|Any CPU
	EndGlobalSection
	GlobalSection(ProjectConfigurationPlatforms) = postSolution
		{7E1DC575-3584-4E52-8235-82A7A448A456}.Debug|Any CPU.ActiveCfg = Debug|Any CPU
		{7E1DC575-3584-4E52-8235-82A7A448A456}.Debug|Any CPU.Build.0 = Debug|Any CPU
		{7E1DC575-3584-4E52-8235-82A7A448A456}.Release|Any CPU.ActiveCfg = Release|Any CPU
		{7E1DC575-3584-4E52-8235-82A7A448A456}.Release|Any CPU.Build.0 = Release|Any CPU
	EndGlobalSection
	GlobalSection(SolutionProperties) = preSolution
		HideSolutionNode = FALSE
	EndGlobalSection
	GlobalSection(ExtensibilityGlobals) = postSolution
		SolutionGuid = {CB0DCC5F-9312-40D6-888F-032A46B13B10}
	EndGlobalSection
EndGlobal
